// !$*UTF8*$!
{
	archiveVersion = 1;
	classes = {
	};
	objectVersion = 56;
	objects = {

/* Begin PBXBuildFile section */
		2F289B362B1FCFA80028C08D /* main.cpp in Sources */ = {isa = PBXBuildFile; fileRef = 2F289B352B1FCFA80028C08D /* main.cpp */; };
		2F289B412B1FD1B50028C08D /* libvulkan.1.3.268.dylib in Frameworks */ = {isa = PBXBuildFile; fileRef = 2F289B3F2B1FD1B50028C08D /* libvulkan.1.3.268.dylib */; };
		2F289B422B1FD1B50028C08D /* libvulkan.1.dylib in Frameworks */ = {isa = PBXBuildFile; fileRef = 2F289B402B1FD1B50028C08D /* libvulkan.1.dylib */; };
		2F289B442B1FD2560028C08D /* libglfw.3.3.dylib in Frameworks */ = {isa = PBXBuildFile; fileRef = 2F289B432B1FD2560028C08D /* libglfw.3.3.dylib */; };
		2F289B462B1FD2890028C08D /* libglfw.3.3.dylib in Copy Files */ = {isa = PBXBuildFile; fileRef = 2F289B452B1FD2890028C08D /* libglfw.3.3.dylib */; settings = {ATTRIBUTES = (CodeSignOnCopy, ); }; };
		2F289B492B1FD2B90028C08D /* libvulkan.1.dylib in Copy Files */ = {isa = PBXBuildFile; fileRef = 2F289B472B1FD2B90028C08D /* libvulkan.1.dylib */; settings = {ATTRIBUTES = (CodeSignOnCopy, ); }; };
		2F289B4A2B1FD2B90028C08D /* libvulkan.1.3.268.dylib in Copy Files */ = {isa = PBXBuildFile; fileRef = 2F289B482B1FD2B90028C08D /* libvulkan.1.3.268.dylib */; settings = {ATTRIBUTES = (CodeSignOnCopy, ); }; };
/* End PBXBuildFile section */

/* Begin PBXCopyFilesBuildPhase section */
		2F289B302B1FCFA80028C08D /* Copy Files */ = {
			isa = PBXCopyFilesBuildPhase;
			buildActionMask = 12;
			dstPath = "";
			dstSubfolderSpec = 10;
			files = (
				2F289B492B1FD2B90028C08D /* libvulkan.1.dylib in Copy Files */,
				2F289B4A2B1FD2B90028C08D /* libvulkan.1.3.268.dylib in Copy Files */,
				2F289B462B1FD2890028C08D /* libglfw.3.3.dylib in Copy Files */,
			);
			name = "Copy Files";
			runOnlyForDeploymentPostprocessing = 0;
		};
/* End PBXCopyFilesBuildPhase section */

/* Begin PBXFileReference section */
		2F289B322B1FCFA80028C08D /* VulkanTesting2 */ = {isa = PBXFileReference; explicitFileType = "compiled.mach-o.executable"; includeInIndex = 0; path = VulkanTesting2; sourceTree = BUILT_PRODUCTS_DIR; };
		2F289B352B1FCFA80028C08D /* main.cpp */ = {isa = PBXFileReference; lastKnownFileType = sourcecode.cpp.cpp; path = main.cpp; sourceTree = "<group>"; };
		2F289B3D2B1FD19F0028C08D /* 1.3.268.1 */ = {isa = PBXFileReference; lastKnownFileType = folder; name = 1.3.268.1; path = ../../VulkanSDK/1.3.268.1; sourceTree = "<group>"; };
		2F289B3F2B1FD1B50028C08D /* libvulkan.1.3.268.dylib */ = {isa = PBXFileReference; lastKnownFileType = "compiled.mach-o.dylib"; name = libvulkan.1.3.268.dylib; path = ../../VulkanSDK/1.3.268.1/macOS/lib/libvulkan.1.3.268.dylib; sourceTree = "<group>"; };
		2F289B402B1FD1B50028C08D /* libvulkan.1.dylib */ = {isa = PBXFileReference; lastKnownFileType = "compiled.mach-o.dylib"; name = libvulkan.1.dylib; path = ../../VulkanSDK/1.3.268.1/macOS/lib/libvulkan.1.dylib; sourceTree = "<group>"; };
		2F289B432B1FD2560028C08D /* libglfw.3.3.dylib */ = {isa = PBXFileReference; lastKnownFileType = "compiled.mach-o.dylib"; name = libglfw.3.3.dylib; path = ../../../../opt/homebrew/lib/libglfw.3.3.dylib; sourceTree = "<group>"; };
		2F289B452B1FD2890028C08D /* libglfw.3.3.dylib */ = {isa = PBXFileReference; lastKnownFileType = "compiled.mach-o.dylib"; name = libglfw.3.3.dylib; path = ../../../../opt/homebrew/lib/libglfw.3.3.dylib; sourceTree = "<group>"; };
		2F289B472B1FD2B90028C08D /* libvulkan.1.dylib */ = {isa = PBXFileReference; lastKnownFileType = "compiled.mach-o.dylib"; name = libvulkan.1.dylib; path = ../../VulkanSDK/1.3.268.1/macOS/lib/libvulkan.1.dylib; sourceTree = "<group>"; };
		2F289B482B1FD2B90028C08D /* libvulkan.1.3.268.dylib */ = {isa = PBXFileReference; lastKnownFileType = "compiled.mach-o.dylib"; name = libvulkan.1.3.268.dylib; path = ../../VulkanSDK/1.3.268.1/macOS/lib/libvulkan.1.3.268.dylib; sourceTree = "<group>"; };
		2F8B3B712B21060D00C16238 /* Shaders */ = {isa = PBXFileReference; lastKnownFileType = folder; path = Shaders; sourceTree = "<group>"; };
		2FE94D9E2B226BEB006EAA9D /* Includes */ = {isa = PBXFileReference; lastKnownFileType = folder; path = Includes; sourceTree = "<group>"; };
/* End PBXFileReference section */

/* Begin PBXFrameworksBuildPhase section */
		2F289B2F2B1FCFA80028C08D /* Frameworks */ = {
			isa = PBXFrameworksBuildPhase;
			buildActionMask = 2147483647;
			files = (
				2F289B422B1FD1B50028C08D /* libvulkan.1.dylib in Frameworks */,
				2F289B412B1FD1B50028C08D /* libvulkan.1.3.268.dylib in Frameworks */,
				2F289B442B1FD2560028C08D /* libglfw.3.3.dylib in Frameworks */,
			);
			runOnlyForDeploymentPostprocessing = 0;
		};
/* End PBXFrameworksBuildPhase section */

/* Begin PBXGroup section */
		2F289B292B1FCFA80028C08D = {
			isa = PBXGroup;
			children = (
				2F289B482B1FD2B90028C08D /* libvulkan.1.3.268.dylib */,
				2F289B472B1FD2B90028C08D /* libvulkan.1.dylib */,
				2F289B452B1FD2890028C08D /* libglfw.3.3.dylib */,
				2F289B342B1FCFA80028C08D /* VulkanTesting2 */,
				2F289B332B1FCFA80028C08D /* Products */,
				2F289B3C2B1FD19F0028C08D /* Frameworks */,
			);
			sourceTree = "<group>";
		};
		2F289B332B1FCFA80028C08D /* Products */ = {
			isa = PBXGroup;
			children = (
				2F289B322B1FCFA80028C08D /* VulkanTesting2 */,
			);
			name = Products;
			sourceTree = "<group>";
		};
		2F289B342B1FCFA80028C08D /* VulkanTesting2 */ = {
			isa = PBXGroup;
			children = (
				2FE94D9E2B226BEB006EAA9D /* Includes */,
				2F8B3B712B21060D00C16238 /* Shaders */,
				2F289B352B1FCFA80028C08D /* main.cpp */,
			);
			path = VulkanTesting2;
			sourceTree = "<group>";
		};
		2F289B3C2B1FD19F0028C08D /* Frameworks */ = {
			isa = PBXGroup;
			children = (
				2F289B432B1FD2560028C08D /* libglfw.3.3.dylib */,
				2F289B3F2B1FD1B50028C08D /* libvulkan.1.3.268.dylib */,
				2F289B402B1FD1B50028C08D /* libvulkan.1.dylib */,
				2F289B3D2B1FD19F0028C08D /* 1.3.268.1 */,
			);
			name = Frameworks;
			sourceTree = "<group>";
		};
/* End PBXGroup section */

/* Begin PBXNativeTarget section */
		2F289B312B1FCFA80028C08D /* VulkanTesting2 */ = {
			isa = PBXNativeTarget;
			buildConfigurationList = 2F289B392B1FCFA80028C08D /* Build configuration list for PBXNativeTarget "VulkanTesting2" */;
			buildPhases = (
				2FE94D9C2B2110EA006EAA9D /* ShellScript */,
				2F289B2E2B1FCFA80028C08D /* Sources */,
				2F289B2F2B1FCFA80028C08D /* Frameworks */,
				2F289B302B1FCFA80028C08D /* Copy Files */,
			);
			buildRules = (
			);
			dependencies = (
			);
			name = VulkanTesting2;
			productName = VulkanTesting2;
			productReference = 2F289B322B1FCFA80028C08D /* VulkanTesting2 */;
			productType = "com.apple.product-type.tool";
		};
/* End PBXNativeTarget section */

/* Begin PBXProject section */
		2F289B2A2B1FCFA80028C08D /* Project object */ = {
			isa = PBXProject;
			attributes = {
				BuildIndependentTargetsInParallel = 1;
				LastUpgradeCheck = 1500;
				TargetAttributes = {
					2F289B312B1FCFA80028C08D = {
						CreatedOnToolsVersion = 15.0.1;
					};
				};
			};
			buildConfigurationList = 2F289B2D2B1FCFA80028C08D /* Build configuration list for PBXProject "VulkanTesting2" */;
			compatibilityVersion = "Xcode 14.0";
			developmentRegion = en;
			hasScannedForEncodings = 0;
			knownRegions = (
				en,
				Base,
			);
			mainGroup = 2F289B292B1FCFA80028C08D;
			productRefGroup = 2F289B332B1FCFA80028C08D /* Products */;
			projectDirPath = "";
			projectRoot = "";
			targets = (
				2F289B312B1FCFA80028C08D /* VulkanTesting2 */,
			);
		};
/* End PBXProject section */

/* Begin PBXShellScriptBuildPhase section */
		2FE94D9C2B2110EA006EAA9D /* ShellScript */ = {
			isa = PBXShellScriptBuildPhase;
			buildActionMask = 2147483647;
			files = (
			);
			inputFileListPaths = (
			);
			inputPaths = (
			);
			outputFileListPaths = (
			);
			outputPaths = (
			);
			runOnlyForDeploymentPostprocessing = 0;
			shellPath = /bin/sh;
			shellScript = "# Type a script or drag a script file from your workspace to insert its path.\n/Users/nikolasdaynard/VulkanTesting/VulkanTesting2/VulkanTesting2/Shaders/compile.sh\n";
		};
/* End PBXShellScriptBuildPhase section */

/* Begin PBXSourcesBuildPhase section */
		2F289B2E2B1FCFA80028C08D /* Sources */ = {
			isa = PBXSourcesBuildPhase;
			buildActionMask = 2147483647;
			files = (
				2F289B362B1FCFA80028C08D /* main.cpp in Sources */,
			);
			runOnlyForDeploymentPostprocessing = 0;
		};
/* End PBXSourcesBuildPhase section */

/* Begin XCBuildConfiguration section */
		2F289B372B1FCFA80028C08D /* Debug */ = {
			isa = XCBuildConfiguration;
			buildSettings = {
				ALWAYS_SEARCH_USER_PATHS = NO;
				ASSETCATALOG_COMPILER_GENERATE_SWIFT_ASSET_SYMBOL_EXTENSIONS = YES;
				CLANG_ANALYZER_NONNULL = YES;
				CLANG_ANALYZER_NUMBER_OBJECT_CONVERSION = YES_AGGRESSIVE;
				CLANG_CXX_LANGUAGE_STANDARD = "gnu++20";
				CLANG_ENABLE_MODULES = YES;
				CLANG_ENABLE_OBJC_ARC = YES;
				CLANG_ENABLE_OBJC_WEAK = YES;
				CLANG_WARN_BLOCK_CAPTURE_AUTORELEASING = YES;
				CLANG_WARN_BOOL_CONVERSION = YES;
				CLANG_WARN_COMMA = YES;
				CLANG_WARN_CONSTANT_CONVERSION = YES;
				CLANG_WARN_DEPRECATED_OBJC_IMPLEMENTATIONS = YES;
				CLANG_WARN_DIRECT_OBJC_ISA_USAGE = YES_ERROR;
				CLANG_WARN_DOCUMENTATION_COMMENTS = YES;
				CLANG_WARN_EMPTY_BODY = YES;
				CLANG_WARN_ENUM_CONVERSION = YES;
				CLANG_WARN_INFINITE_RECURSION = YES;
				CLANG_WARN_INT_CONVERSION = YES;
				CLANG_WARN_NON_LITERAL_NULL_CONVERSION = YES;
				CLANG_WARN_OBJC_IMPLICIT_RETAIN_SELF = YES;
				CLANG_WARN_OBJC_LITERAL_CONVERSION = YES;
				CLANG_WARN_OBJC_ROOT_CLASS = YES_ERROR;
				CLANG_WARN_QUOTED_INCLUDE_IN_FRAMEWORK_HEADER = YES;
				CLANG_WARN_RANGE_LOOP_ANALYSIS = YES;
				CLANG_WARN_STRICT_PROTOTYPES = YES;
				CLANG_WARN_SUSPICIOUS_MOVE = YES;
				CLANG_WARN_UNGUARDED_AVAILABILITY = YES_AGGRESSIVE;
				CLANG_WARN_UNREACHABLE_CODE = YES;
				CLANG_WARN__DUPLICATE_METHOD_MATCH = YES;
				COPY_PHASE_STRIP = NO;
				DEAD_CODE_STRIPPING = YES;
				DEBUG_INFORMATION_FORMAT = dwarf;
				ENABLE_STRICT_OBJC_MSGSEND = YES;
				ENABLE_TESTABILITY = YES;
				ENABLE_USER_SCRIPT_SANDBOXING = YES;
				GCC_C_LANGUAGE_STANDARD = gnu17;
				GCC_DYNAMIC_NO_PIC = NO;
				GCC_NO_COMMON_BLOCKS = YES;
				GCC_OPTIMIZATION_LEVEL = fast;
				GCC_PREPROCESSOR_DEFINITIONS = (
					"DEBUG=1",
					"$(inherited)",
				);
				GCC_WARN_64_TO_32_BIT_CONVERSION = YES;
				GCC_WARN_ABOUT_RETURN_TYPE = YES_ERROR;
				GCC_WARN_UNDECLARED_SELECTOR = YES;
				GCC_WARN_UNINITIALIZED_AUTOS = YES_AGGRESSIVE;
				GCC_WARN_UNUSED_FUNCTION = YES;
				GCC_WARN_UNUSED_VARIABLE = YES;
				HEADER_SEARCH_PATHS = "$(SRCROOT)/**";
				LOCALIZATION_PREFERS_STRING_CATALOGS = YES;
				MACOSX_DEPLOYMENT_TARGET = 14.0;
				MTL_ENABLE_DEBUG_INFO = INCLUDE_SOURCE;
				MTL_FAST_MATH = YES;
				ONLY_ACTIVE_ARCH = YES;
				OTHER_LDFLAGS = "-ld_classic";
				SDKROOT = macosx;
			};
			name = Debug;
		};
		2F289B382B1FCFA80028C08D /* Release */ = {
			isa = XCBuildConfiguration;
			buildSettings = {
				ALWAYS_SEARCH_USER_PATHS = NO;
				ASSETCATALOG_COMPILER_GENERATE_SWIFT_ASSET_SYMBOL_EXTENSIONS = YES;
				CLANG_ANALYZER_NONNULL = YES;
				CLANG_ANALYZER_NUMBER_OBJECT_CONVERSION = YES_AGGRESSIVE;
				CLANG_CXX_LANGUAGE_STANDARD = "gnu++20";
				CLANG_ENABLE_MODULES = YES;
				CLANG_ENABLE_OBJC_ARC = YES;
				CLANG_ENABLE_OBJC_WEAK = YES;
				CLANG_WARN_BLOCK_CAPTURE_AUTORELEASING = YES;
				CLANG_WARN_BOOL_CONVERSION = YES;
				CLANG_WARN_COMMA = YES;
				CLANG_WARN_CONSTANT_CONVERSION = YES;
				CLANG_WARN_DEPRECATED_OBJC_IMPLEMENTATIONS = YES;
				CLANG_WARN_DIRECT_OBJC_ISA_USAGE = YES_ERROR;
				CLANG_WARN_DOCUMENTATION_COMMENTS = YES;
				CLANG_WARN_EMPTY_BODY = YES;
				CLANG_WARN_ENUM_CONVERSION = YES;
				CLANG_WARN_INFINITE_RECURSION = YES;
				CLANG_WARN_INT_CONVERSION = YES;
				CLANG_WARN_NON_LITERAL_NULL_CONVERSION = YES;
				CLANG_WARN_OBJC_IMPLICIT_RETAIN_SELF = YES;
				CLANG_WARN_OBJC_LITERAL_CONVERSION = YES;
				CLANG_WARN_OBJC_ROOT_CLASS = YES_ERROR;
				CLANG_WARN_QUOTED_INCLUDE_IN_FRAMEWORK_HEADER = YES;
				CLANG_WARN_RANGE_LOOP_ANALYSIS = YES;
				CLANG_WARN_STRICT_PROTOTYPES = YES;
				CLANG_WARN_SUSPICIOUS_MOVE = YES;
				CLANG_WARN_UNGUARDED_AVAILABILITY = YES_AGGRESSIVE;
				CLANG_WARN_UNREACHABLE_CODE = YES;
				CLANG_WARN__DUPLICATE_METHOD_MATCH = YES;
				COPY_PHASE_STRIP = NO;
				DEAD_CODE_STRIPPING = YES;
				DEBUG_INFORMATION_FORMAT = "dwarf-with-dsym";
				ENABLE_NS_ASSERTIONS = NO;
				ENABLE_STRICT_OBJC_MSGSEND = YES;
				ENABLE_USER_SCRIPT_SANDBOXING = YES;
				GCC_C_LANGUAGE_STANDARD = gnu17;
				GCC_NO_COMMON_BLOCKS = YES;
				GCC_OPTIMIZATION_LEVEL = fast;
				GCC_WARN_64_TO_32_BIT_CONVERSION = YES;
				GCC_WARN_ABOUT_RETURN_TYPE = YES_ERROR;
				GCC_WARN_UNDECLARED_SELECTOR = YES;
				GCC_WARN_UNINITIALIZED_AUTOS = YES_AGGRESSIVE;
				GCC_WARN_UNUSED_FUNCTION = YES;
				GCC_WARN_UNUSED_VARIABLE = YES;
				HEADER_SEARCH_PATHS = "$(SRCROOT)/**";
				LOCALIZATION_PREFERS_STRING_CATALOGS = YES;
				MACOSX_DEPLOYMENT_TARGET = 14.0;
				MTL_ENABLE_DEBUG_INFO = YES;
				MTL_FAST_MATH = YES;
				ONLY_ACTIVE_ARCH = NO;
				OTHER_LDFLAGS = "-ld_classic";
				SDKROOT = macosx;
			};
			name = Release;
		};
		2F289B3A2B1FCFA80028C08D /* Debug */ = {
			isa = XCBuildConfiguration;
			buildSettings = {
				ALLOW_TARGET_PLATFORM_SPECIALIZATION = NO;
				BUILD_LIBRARY_FOR_DISTRIBUTION = YES;
				CODE_SIGN_STYLE = Automatic;
				DEAD_CODE_STRIPPING = YES;
				EAGER_LINKING = NO;
				ENABLE_NS_ASSERTIONS = YES;
				ENABLE_USER_SCRIPT_SANDBOXING = NO;
				GCC_OPTIMIZATION_LEVEL = fast;
				HEADER_SEARCH_PATHS = (
					/Users/nikolasdaynard/VulkanSDK/1.3.268.1/macOS/include,
					/usr/local/include,
					/opt/homebrew/include,
				);
				LIBRARY_SEARCH_PATHS = (
					/usr/local/lib,
					/Users/nikolasdaynard/VulkanSDK/1.3.268.1/macOS/lib,
					/opt/homebrew/lib,
				);
				OTHER_CFLAGS = "";
				OTHER_LDFLAGS = "";
				PRODUCT_NAME = "$(TARGET_NAME)";
			};
			name = Debug;
		};
		2F289B3B2B1FCFA80028C08D /* Release */ = {
			isa = XCBuildConfiguration;
			buildSettings = {
				ALLOW_TARGET_PLATFORM_SPECIALIZATION = NO;
				BUILD_LIBRARY_FOR_DISTRIBUTION = YES;
				CODE_SIGN_STYLE = Automatic;
				DEAD_CODE_STRIPPING = YES;
				EAGER_LINKING = NO;
				ENABLE_TESTABILITY = NO;
				ENABLE_USER_SCRIPT_SANDBOXING = NO;
				GCC_OPTIMIZATION_LEVEL = fast;
				HEADER_SEARCH_PATHS = (
					/Users/nikolasdaynard/VulkanSDK/1.3.268.1/macOS/include,
					/usr/local/include,
					/opt/homebrew/include,
				);
				LIBRARY_SEARCH_PATHS = (
					/usr/local/lib,
					/Users/nikolasdaynard/VulkanSDK/1.3.268.1/macOS/lib,
					/opt/homebrew/lib,
				);
				MTL_ENABLE_DEBUG_INFO = NO;
				OTHER_CFLAGS = "";
				OTHER_LDFLAGS = "";
				PRODUCT_NAME = "$(TARGET_NAME)";
			};
			name = Release;
		};
/* End XCBuildConfiguration section */

/* Begin XCConfigurationList section */
		2F289B2D2B1FCFA80028C08D /* Build configuration list for PBXProject "VulkanTesting2" */ = {
			isa = XCConfigurationList;
			buildConfigurations = (
				2F289B372B1FCFA80028C08D /* Debug */,
				2F289B382B1FCFA80028C08D /* Release */,
			);
			defaultConfigurationIsVisible = 0;
			defaultConfigurationName = Release;
		};
		2F289B392B1FCFA80028C08D /* Build configuration list for PBXNativeTarget "VulkanTesting2" */ = {
			isa = XCConfigurationList;
			buildConfigurations = (
				2F289B3A2B1FCFA80028C08D /* Debug */,
				2F289B3B2B1FCFA80028C08D /* Release */,
			);
			defaultConfigurationIsVisible = 0;
			defaultConfigurationName = Release;
		};
/* End XCConfigurationList section */
	};
	rootObject = 2F289B2A2B1FCFA80028C08D /* Project object */;
}
